
Microsoft Visual Studio Solution File, Format Version 12.00
# Visual Studio Version 17
VisualStudioVersion = 17.11.35312.102
MinimumVisualStudioVersion = 10.0.40219.1
Project("{9A19103F-16F7-4668-BE54-9A1E7A4F7556}") = "Restaurant.API", "Restaurant.API\Restaurant.API.csproj", "{898C20D9-6D42-44DA-BD12-7A905EC15753}"
EndProject
Project("{9A19103F-16F7-4668-BE54-9A1E7A4F7556}") = "Restaurant.Domain", "Restaurant.Domain\Restaurant.Domain.csproj", "{DAAB0F04-8786-46C9-B2E0-B64BCE2AA383}"
EndProject
Project("{9A19103F-16F7-4668-BE54-9A1E7A4F7556}") = "Restaurant.Application", "Restaurant.Application\Restaurant.Application.csproj", "{B19622C0-C76F-4B0F-BF94-1FB60A151B69}"
EndProject
Project("{9A19103F-16F7-4668-BE54-9A1E7A4F7556}") = "Restaurant.Infrastructure", "Restaurant.Infrastructure\Restaurant.Infrastructure.csproj", "{D9111C9F-2B36-4C8A-A4E3-C70F18005EDF}"
EndProject
Project("{9A19103F-16F7-4668-BE54-9A1E7A4F7556}") = "Restaurant.Application.Tests", "Restaurant.Application.Tests\Restaurant.Application.Tests.csproj", "{A9D8F7BA-D653-4982-9BF7-241FECCDA3DC}"
EndProject
Project("{FAE04EC0-301F-11D3-BF4B-00C04F79EFBC}") = "Restaurant.Infrastructure.Tests", "Restaurant.Infrastructure.Tests\Restaurant.Infrastructure.Tests.csproj", "{441E46DD-59C4-463B-B079-6A9558277BA1}"
EndProject
Project("{FAE04EC0-301F-11D3-BF4B-00C04F79EFBC}") = "Restaurant.API.Tests", "Restaurant.API.Tests\Restaurant.API.Tests.csproj", "{A7E7F6CE-28E8-49DF-BB5E-504BDE15F49C}"
EndProject
Global
	GlobalSection(SolutionConfigurationPlatforms) = preSolution
		Debug|Any CPU = Debug|Any CPU
		Release|Any CPU = Release|Any CPU
	EndGlobalSection
	GlobalSection(ProjectConfigurationPlatforms) = postSolution
		{898C20D9-6D42-44DA-BD12-7A905EC15753}.Debug|Any CPU.ActiveCfg = Debug|Any CPU
		{898C20D9-6D42-44DA-BD12-7A905EC15753}.Debug|Any CPU.Build.0 = Debug|Any CPU
		{898C20D9-6D42-44DA-BD12-7A905EC15753}.Release|Any CPU.ActiveCfg = Release|Any CPU
		{898C20D9-6D42-44DA-BD12-7A905EC15753}.Release|Any CPU.Build.0 = Release|Any CPU
		{DAAB0F04-8786-46C9-B2E0-B64BCE2AA383}.Debug|Any CPU.ActiveCfg = Debug|Any CPU
		{DAAB0F04-8786-46C9-B2E0-B64BCE2AA383}.Debug|Any CPU.Build.0 = Debug|Any CPU
		{DAAB0F04-8786-46C9-B2E0-B64BCE2AA383}.Release|Any CPU.ActiveCfg = Release|Any CPU
		{DAAB0F04-8786-46C9-B2E0-B64BCE2AA383}.Release|Any CPU.Build.0 = Release|Any CPU
		{B19622C0-C76F-4B0F-BF94-1FB60A151B69}.Debug|Any CPU.ActiveCfg = Debug|Any CPU
		{B19622C0-C76F-4B0F-BF94-1FB60A151B69}.Debug|Any CPU.Build.0 = Debug|Any CPU
		{B19622C0-C76F-4B0F-BF94-1FB60A151B69}.Release|Any CPU.ActiveCfg = Release|Any CPU
		{B19622C0-C76F-4B0F-BF94-1FB60A151B69}.Release|Any CPU.Build.0 = Release|Any CPU
		{D9111C9F-2B36-4C8A-A4E3-C70F18005EDF}.Debug|Any CPU.ActiveCfg = Debug|Any CPU
		{D9111C9F-2B36-4C8A-A4E3-C70F18005EDF}.Debug|Any CPU.Build.0 = Debug|Any CPU
		{D9111C9F-2B36-4C8A-A4E3-C70F18005EDF}.Release|Any CPU.ActiveCfg = Release|Any CPU
		{D9111C9F-2B36-4C8A-A4E3-C70F18005EDF}.Release|Any CPU.Build.0 = Release|Any CPU
		{A9D8F7BA-D653-4982-9BF7-241FECCDA3DC}.Debug|Any CPU.ActiveCfg = Debug|Any CPU
		{A9D8F7BA-D653-4982-9BF7-241FECCDA3DC}.Debug|Any CPU.Build.0 = Debug|Any CPU
		{A9D8F7BA-D653-4982-9BF7-241FECCDA3DC}.Release|Any CPU.ActiveCfg = Release|Any CPU
		{A9D8F7BA-D653-4982-9BF7-241FECCDA3DC}.Release|Any CPU.Build.0 = Release|Any CPU
		{441E46DD-59C4-463B-B079-6A9558277BA1}.Debug|Any CPU.ActiveCfg = Debug|Any CPU
		{441E46DD-59C4-463B-B079-6A9558277BA1}.Debug|Any CPU.Build.0 = Debug|Any CPU
		{441E46DD-59C4-463B-B079-6A9558277BA1}.Release|Any CPU.ActiveCfg = Release|Any CPU
		{441E46DD-59C4-463B-B079-6A9558277BA1}.Release|Any CPU.Build.0 = Release|Any CPU
		{A7E7F6CE-28E8-49DF-BB5E-504BDE15F49C}.Debug|Any CPU.ActiveCfg = Debug|Any CPU
		{A7E7F6CE-28E8-49DF-BB5E-504BDE15F49C}.Debug|Any CPU.Build.0 = Debug|Any CPU
		{A7E7F6CE-28E8-49DF-BB5E-504BDE15F49C}.Release|Any CPU.ActiveCfg = Release|Any CPU
		{A7E7F6CE-28E8-49DF-BB5E-504BDE15F49C}.Release|Any CPU.Build.0 = Release|Any CPU
	EndGlobalSection
	GlobalSection(SolutionProperties) = preSolution
		HideSolutionNode = FALSE
	EndGlobalSection
	GlobalSection(ExtensibilityGlobals) = postSolution
		SolutionGuid = {EB3C134A-ABB2-4C8E-B7B5-05D5AE75AC3B}
	EndGlobalSection
EndGlobal
