
Microsoft Visual Studio Solution File, Format Version 12.00
# Visual Studio Version 17
VisualStudioVersion = 17.11.35312.102
MinimumVisualStudioVersion = 10.0.40219.1
Project("{2150E333-8FDC-42A3-9474-1A3956D46DE8}") = "src", "src", "{9E27EDE4-10E7-4675-8E5E-8680A40E02F2}"
EndProject
Project("{2150E333-8FDC-42A3-9474-1A3956D46DE8}") = "tests", "tests", "{13E66F69-69CB-4FB1-A26A-5ECF6E3C9355}"
EndProject
Project("{9A19103F-16F7-4668-BE54-9A1E7A4F7556}") = "Restaurant.API", "src\Restaurant.API\Restaurant.API.csproj", "{516D8DCD-0BBC-4246-B4B0-B9EF9893F61E}"
EndProject
Project("{9A19103F-16F7-4668-BE54-9A1E7A4F7556}") = "Restaurant.Application", "src\Restaurant.Application\Restaurant.Application.csproj", "{E820CC96-8A60-4AEF-9E30-54B1C764AE51}"
EndProject
Project("{9A19103F-16F7-4668-BE54-9A1E7A4F7556}") = "Restaurant.Domain", "src\Restaurant.Domain\Restaurant.Domain.csproj", "{27DDEDA9-BD90-4121-ACCB-2928789BA379}"
EndProject
Project("{9A19103F-16F7-4668-BE54-9A1E7A4F7556}") = "Restaurant.Infrastructure", "src\Restaurant.Infrastructure\Restaurant.Infrastructure.csproj", "{006CF934-E5E5-4051-9140-62F38E3C6E00}"
EndProject
Project("{9A19103F-16F7-4668-BE54-9A1E7A4F7556}") = "Restaurant.API.Tests", "tests\Restaurant.API.Tests\Restaurant.API.Tests.csproj", "{1FB0BE89-7B60-4670-B7F0-8FE9788DDC1B}"
EndProject
Project("{9A19103F-16F7-4668-BE54-9A1E7A4F7556}") = "Restaurant.Application.Tests", "tests\Restaurant.Application.Tests\Restaurant.Application.Tests.csproj", "{013538AB-855D-4EF0-9C5E-D0983421A090}"
EndProject
Project("{9A19103F-16F7-4668-BE54-9A1E7A4F7556}") = "Restaurant.Infrastructure.Tests", "tests\Restaurant.Infrastructure.Tests\Restaurant.Infrastructure.Tests.csproj", "{36C3691F-6FC6-4FD1-9572-5AB7E7865AF9}"
EndProject
Global
	GlobalSection(SolutionConfigurationPlatforms) = preSolution
		Debug|Any CPU = Debug|Any CPU
		Release|Any CPU = Release|Any CPU
	EndGlobalSection
	GlobalSection(ProjectConfigurationPlatforms) = postSolution
		{516D8DCD-0BBC-4246-B4B0-B9EF9893F61E}.Debug|Any CPU.ActiveCfg = Debug|Any CPU
		{516D8DCD-0BBC-4246-B4B0-B9EF9893F61E}.Debug|Any CPU.Build.0 = Debug|Any CPU
		{516D8DCD-0BBC-4246-B4B0-B9EF9893F61E}.Release|Any CPU.ActiveCfg = Release|Any CPU
		{516D8DCD-0BBC-4246-B4B0-B9EF9893F61E}.Release|Any CPU.Build.0 = Release|Any CPU
		{E820CC96-8A60-4AEF-9E30-54B1C764AE51}.Debug|Any CPU.ActiveCfg = Debug|Any CPU
		{E820CC96-8A60-4AEF-9E30-54B1C764AE51}.Debug|Any CPU.Build.0 = Debug|Any CPU
		{E820CC96-8A60-4AEF-9E30-54B1C764AE51}.Release|Any CPU.ActiveCfg = Release|Any CPU
		{E820CC96-8A60-4AEF-9E30-54B1C764AE51}.Release|Any CPU.Build.0 = Release|Any CPU
		{27DDEDA9-BD90-4121-ACCB-2928789BA379}.Debug|Any CPU.ActiveCfg = Debug|Any CPU
		{27DDEDA9-BD90-4121-ACCB-2928789BA379}.Debug|Any CPU.Build.0 = Debug|Any CPU
		{27DDEDA9-BD90-4121-ACCB-2928789BA379}.Release|Any CPU.ActiveCfg = Release|Any CPU
		{27DDEDA9-BD90-4121-ACCB-2928789BA379}.Release|Any CPU.Build.0 = Release|Any CPU
		{006CF934-E5E5-4051-9140-62F38E3C6E00}.Debug|Any CPU.ActiveCfg = Debug|Any CPU
		{006CF934-E5E5-4051-9140-62F38E3C6E00}.Debug|Any CPU.Build.0 = Debug|Any CPU
		{006CF934-E5E5-4051-9140-62F38E3C6E00}.Release|Any CPU.ActiveCfg = Release|Any CPU
		{006CF934-E5E5-4051-9140-62F38E3C6E00}.Release|Any CPU.Build.0 = Release|Any CPU
		{1FB0BE89-7B60-4670-B7F0-8FE9788DDC1B}.Debug|Any CPU.ActiveCfg = Debug|Any CPU
		{1FB0BE89-7B60-4670-B7F0-8FE9788DDC1B}.Debug|Any CPU.Build.0 = Debug|Any CPU
		{1FB0BE89-7B60-4670-B7F0-8FE9788DDC1B}.Release|Any CPU.ActiveCfg = Release|Any CPU
		{1FB0BE89-7B60-4670-B7F0-8FE9788DDC1B}.Release|Any CPU.Build.0 = Release|Any CPU
		{013538AB-855D-4EF0-9C5E-D0983421A090}.Debug|Any CPU.ActiveCfg = Debug|Any CPU
		{013538AB-855D-4EF0-9C5E-D0983421A090}.Debug|Any CPU.Build.0 = Debug|Any CPU
		{013538AB-855D-4EF0-9C5E-D0983421A090}.Release|Any CPU.ActiveCfg = Release|Any CPU
		{013538AB-855D-4EF0-9C5E-D0983421A090}.Release|Any CPU.Build.0 = Release|Any CPU
		{36C3691F-6FC6-4FD1-9572-5AB7E7865AF9}.Debug|Any CPU.ActiveCfg = Debug|Any CPU
		{36C3691F-6FC6-4FD1-9572-5AB7E7865AF9}.Debug|Any CPU.Build.0 = Debug|Any CPU
		{36C3691F-6FC6-4FD1-9572-5AB7E7865AF9}.Release|Any CPU.ActiveCfg = Release|Any CPU
		{36C3691F-6FC6-4FD1-9572-5AB7E7865AF9}.Release|Any CPU.Build.0 = Release|Any CPU
	EndGlobalSection
	GlobalSection(SolutionProperties) = preSolution
		HideSolutionNode = FALSE
	EndGlobalSection
	GlobalSection(NestedProjects) = preSolution
		{516D8DCD-0BBC-4246-B4B0-B9EF9893F61E} = {9E27EDE4-10E7-4675-8E5E-8680A40E02F2}
		{E820CC96-8A60-4AEF-9E30-54B1C764AE51} = {9E27EDE4-10E7-4675-8E5E-8680A40E02F2}
		{27DDEDA9-BD90-4121-ACCB-2928789BA379} = {9E27EDE4-10E7-4675-8E5E-8680A40E02F2}
		{006CF934-E5E5-4051-9140-62F38E3C6E00} = {9E27EDE4-10E7-4675-8E5E-8680A40E02F2}
		{1FB0BE89-7B60-4670-B7F0-8FE9788DDC1B} = {13E66F69-69CB-4FB1-A26A-5ECF6E3C9355}
		{013538AB-855D-4EF0-9C5E-D0983421A090} = {13E66F69-69CB-4FB1-A26A-5ECF6E3C9355}
		{36C3691F-6FC6-4FD1-9572-5AB7E7865AF9} = {13E66F69-69CB-4FB1-A26A-5ECF6E3C9355}
	EndGlobalSection
	GlobalSection(ExtensibilityGlobals) = postSolution
		SolutionGuid = {EB3C134A-ABB2-4C8E-B7B5-05D5AE75AC3B}
	EndGlobalSection
EndGlobal
